
Microsoft Visual Studio Solution File, Format Version 12.00
# Visual Studio Version 17
VisualStudioVersion = 17.11.35312.102
MinimumVisualStudioVersion = 10.0.40219.1
Project("{FAE04EC0-301F-11D3-BF4B-00C04F79EFBC}") = "Data", "Data\Data.csproj", "{8D7A8FD0-4D1F-486E-8848-F979CBB3D96E}"
EndProject
Project("{FAE04EC0-301F-11D3-BF4B-00C04F79EFBC}") = "Logic", "Logic\Logic.csproj", "{9F41FE89-03A6-4113-BE19-63B7B8B82461}"
EndProject
Project("{FAE04EC0-301F-11D3-BF4B-00C04F79EFBC}") = "Presentation", "Presentation\Presentation.csproj", "{AF856C59-9996-4610-8A10-9D399514FA3A}"
EndProject
Global
	GlobalSection(SolutionConfigurationPlatforms) = preSolution
		Debug|Any CPU = Debug|Any CPU
		Release|Any CPU = Release|Any CPU
	EndGlobalSection
	GlobalSection(ProjectConfigurationPlatforms) = postSolution
		{8D7A8FD0-4D1F-486E-8848-F979CBB3D96E}.Debug|Any CPU.ActiveCfg = Debug|Any CPU
		{8D7A8FD0-4D1F-486E-8848-F979CBB3D96E}.Debug|Any CPU.Build.0 = Debug|Any CPU
		{8D7A8FD0-4D1F-486E-8848-F979CBB3D96E}.Release|Any CPU.ActiveCfg = Release|Any CPU
		{8D7A8FD0-4D1F-486E-8848-F979CBB3D96E}.Release|Any CPU.Build.0 = Release|Any CPU
		{9F41FE89-03A6-4113-BE19-63B7B8B82461}.Debug|Any CPU.ActiveCfg = Debug|Any CPU
		{9F41FE89-03A6-4113-BE19-63B7B8B82461}.Debug|Any CPU.Build.0 = Debug|Any CPU
		{9F41FE89-03A6-4113-BE19-63B7B8B82461}.Release|Any CPU.ActiveCfg = Release|Any CPU
		{9F41FE89-03A6-4113-BE19-63B7B8B82461}.Release|Any CPU.Build.0 = Release|Any CPU
		{AF856C59-9996-4610-8A10-9D399514FA3A}.Debug|Any CPU.ActiveCfg = Debug|Any CPU
		{AF856C59-9996-4610-8A10-9D399514FA3A}.Debug|Any CPU.Build.0 = Debug|Any CPU
		{AF856C59-9996-4610-8A10-9D399514FA3A}.Release|Any CPU.ActiveCfg = Release|Any CPU
		{AF856C59-9996-4610-8A10-9D399514FA3A}.Release|Any CPU.Build.0 = Release|Any CPU
	EndGlobalSection
	GlobalSection(SolutionProperties) = preSolution
		HideSolutionNode = FALSE
	EndGlobalSection
	GlobalSection(ExtensibilityGlobals) = postSolution
		SolutionGuid = {B29C7909-0A58-4860-83A8-95EC5DE171F2}
	EndGlobalSection
EndGlobal
